version = 1
revision = 3
requires-python = "==3.11.14"

[[package]]
name = "kfc-recommendation-scorer"
version = "0.1.0"
source = { editable = "." }
dependencies = [
    { name = "lightgbm" },
    { name = "numpy" },
    { name = "xgboost" },
]

[package.metadata]
requires-dist = [
    { name = "lightgbm", specifier = "==4.6.0" },
    { name = "numpy", specifier = "==2.3.2" },
    { name = "xgboost", specifier = "==3.0.2" },
]

[[package]]
name = "lightgbm"
version = "4.6.0"
source = { registry = "https://pypi.org/simple" }
dependencies = [
    { name = "numpy" },
    { name = "scipy" },
]
sdist = { url = "https://files.pythonhosted.org/packages/68/0b/a2e9f5c5da7ef047cc60cef37f86185088845e8433e54d2e7ed439cce8a3/lightgbm-4.6.0.tar.gz", hash = "sha256:cb1c59720eb569389c0ba74d14f52351b573af489f230032a1c9f314f8bab7fe", size = 1703705, upload-time = "2025-02-15T04:03:03.111Z" }
wheels = [
    { url = "https://files.pythonhosted.org/packages/f2/75/cffc9962cca296bc5536896b7e65b4a7cdeb8db208e71b9c0133c08f8f7e/lightgbm-4.6.0-py3-none-macosx_10_15_x86_64.whl", hash = "sha256:b7a393de8a334d5c8e490df91270f0763f83f959574d504c7ccb9eee4aef70ed", size = 2010151, upload-time = "2025-02-15T04:02:50.961Z" },
    { url = "https://files.pythonhosted.org/packages/21/1b/550ee378512b78847930f5d74228ca1fdba2a7fbdeaac9aeccc085b0e257/lightgbm-4.6.0-py3-none-macosx_12_0_arm64.whl", hash = "sha256:2dafd98d4e02b844ceb0b61450a660681076b1ea6c7adb8c566dfd66832aafad", size = 1592172, upload-time = "2025-02-15T04:02:53.937Z" },
    { url = "https://files.pythonhosted.org/packages/64/41/4fbde2c3d29e25ee7c41d87df2f2e5eda65b431ee154d4d462c31041846c/lightgbm-4.6.0-py3-none-manylinux2014_aarch64.whl", hash = "sha256:4d68712bbd2b57a0b14390cbf9376c1d5ed773fa2e71e099cac588703b590336", size = 3454567, upload-time = "2025-02-15T04:02:56.443Z" },
    { url = "https://files.pythonhosted.org/packages/42/86/dabda8fbcb1b00bcfb0003c3776e8ade1aa7b413dff0a2c08f457dace22f/lightgbm-4.6.0-py3-none-manylinux_2_28_x86_64.whl", hash = "sha256:cb19b5afea55b5b61cbb2131095f50538bd608a00655f23ad5d25ae3e3bf1c8d", size = 3569831, upload-time = "2025-02-15T04:02:58.925Z" },
    { url = "https://files.pythonhosted.org/packages/5e/23/f8b28ca248bb629b9e08f877dd2965d1994e1674a03d67cd10c5246da248/lightgbm-4.6.0-py3-none-win_amd64.whl", hash = "sha256:37089ee95664b6550a7189d887dbf098e3eadab03537e411f52c63c121e3ba4b", size = 1451509, upload-time = "2025-02-15T04:03:01.515Z" },
]

[[package]]
name = "numpy"
version = "2.3.2"
source = { registry = "https://pypi.org/simple" }
sdist = { url = "https://files.pythonhosted.org/packages/37/7d/3fec4199c5ffb892bed55cff901e4f39a58c81df9c44c280499e92cad264/numpy-2.3.2.tar.gz", hash = "sha256:e0486a11ec30cdecb53f184d496d1c6a20786c81e55e41640270130056f8ee48", size = 20489306, upload-time = "2025-07-24T21:32:07.553Z" }
wheels = [
    { url = "https://files.pythonhosted.org/packages/96/26/1320083986108998bd487e2931eed2aeedf914b6e8905431487543ec911d/numpy-2.3.2-cp311-cp311-macosx_10_9_x86_64.whl", hash = "sha256:852ae5bed3478b92f093e30f785c98e0cb62fa0a939ed057c31716e18a7a22b9", size = 21259016, upload-time = "2025-07-24T20:24:35.214Z" },
    { url = "https://files.pythonhosted.org/packages/c4/2b/792b341463fa93fc7e55abbdbe87dac316c5b8cb5e94fb7a59fb6fa0cda5/numpy-2.3.2-cp311-cp311-macosx_11_0_arm64.whl", hash = "sha256:7a0e27186e781a69959d0230dd9909b5e26024f8da10683bd6344baea1885168", size = 14451158, upload-time = "2025-07-24T20:24:58.397Z" },
    { url = "https://files.pythonhosted.org/packages/b7/13/e792d7209261afb0c9f4759ffef6135b35c77c6349a151f488f531d13595/numpy-2.3.2-cp311-cp311-macosx_14_0_arm64.whl", hash = "sha256:f0a1a8476ad77a228e41619af2fa9505cf69df928e9aaa165746584ea17fed2b", size = 5379817, upload-time = "2025-07-24T20:25:07.746Z" },
    { url = "https://files.pythonhosted.org/packages/49/ce/055274fcba4107c022b2113a213c7287346563f48d62e8d2a5176ad93217/numpy-2.3.2-cp311-cp311-macosx_14_0_x86_64.whl", hash = "sha256:cbc95b3813920145032412f7e33d12080f11dc776262df1712e1638207dde9e8", size = 6913606, upload-time = "2025-07-24T20:25:18.84Z" },
    { url = "https://files.pythonhosted.org/packages/17/f2/e4d72e6bc5ff01e2ab613dc198d560714971900c03674b41947e38606502/numpy-2.3.2-cp311-cp311-manylinux_2_27_aarch64.manylinux_2_28_aarch64.whl", hash = "sha256:f75018be4980a7324edc5930fe39aa391d5734531b1926968605416ff58c332d", size = 14589652, upload-time = "2025-07-24T20:25:40.356Z" },
    { url = "https://files.pythonhosted.org/packages/c8/b0/fbeee3000a51ebf7222016e2939b5c5ecf8000a19555d04a18f1e02521b8/numpy-2.3.2-cp311-cp311-manylinux_2_27_x86_64.manylinux_2_28_x86_64.whl", hash = "sha256:20b8200721840f5621b7bd03f8dcd78de33ec522fc40dc2641aa09537df010c3", size = 16938816, upload-time = "2025-07-24T20:26:05.721Z" },
    { url = "https://files.pythonhosted.org/packages/a9/ec/2f6c45c3484cc159621ea8fc000ac5a86f1575f090cac78ac27193ce82cd/numpy-2.3.2-cp311-cp311-musllinux_1_2_aarch64.whl", hash = "sha256:1f91e5c028504660d606340a084db4b216567ded1056ea2b4be4f9d10b67197f", size = 16370512, upload-time = "2025-07-24T20:26:30.545Z" },
    { url = "https://files.pythonhosted.org/packages/b5/01/dd67cf511850bd7aefd6347aaae0956ed415abea741ae107834aae7d6d4e/numpy-2.3.2-cp311-cp311-musllinux_1_2_x86_64.whl", hash = "sha256:fb1752a3bb9a3ad2d6b090b88a9a0ae1cd6f004ef95f75825e2f382c183b2097", size = 18884947, upload-time = "2025-07-24T20:26:58.24Z" },
    { url = "https://files.pythonhosted.org/packages/a7/17/2cf60fd3e6a61d006778735edf67a222787a8c1a7842aed43ef96d777446/numpy-2.3.2-cp311-cp311-win32.whl", hash = "sha256:4ae6863868aaee2f57503c7a5052b3a2807cf7a3914475e637a0ecd366ced220", size = 6599494, upload-time = "2025-07-24T20:27:09.786Z" },
    { url = "https://files.pythonhosted.org/packages/d5/03/0eade211c504bda872a594f045f98ddcc6caef2b7c63610946845e304d3f/numpy-2.3.2-cp311-cp311-win_amd64.whl", hash = "sha256:240259d6564f1c65424bcd10f435145a7644a65a6811cfc3201c4a429ba79170", size = 13087889, upload-time = "2025-07-24T20:27:29.558Z" },
    { url = "https://files.pythonhosted.org/packages/13/32/2c7979d39dafb2a25087e12310fc7f3b9d3c7d960df4f4bc97955ae0ce1d/numpy-2.3.2-cp311-cp311-win_arm64.whl", hash = "sha256:4209f874d45f921bde2cff1ffcd8a3695f545ad2ffbef6d3d3c6768162efab89", size = 10459560, upload-time = "2025-07-24T20:27:46.803Z" },
    { url = "https://files.pythonhosted.org/packages/cf/ea/50ebc91d28b275b23b7128ef25c3d08152bc4068f42742867e07a870a42a/numpy-2.3.2-pp311-pypy311_pp73-macosx_10_15_x86_64.whl", hash = "sha256:14a91ebac98813a49bc6aa1a0dfc09513dcec1d97eaf31ca21a87221a1cdcb15", size = 21130338, upload-time = "2025-07-24T20:57:54.37Z" },
    { url = "https://files.pythonhosted.org/packages/9f/57/cdd5eac00dd5f137277355c318a955c0d8fb8aa486020c22afd305f8b88f/numpy-2.3.2-pp311-pypy311_pp73-macosx_11_0_arm64.whl", hash = "sha256:71669b5daae692189540cffc4c439468d35a3f84f0c88b078ecd94337f6cb0ec", size = 14375776, upload-time = "2025-07-24T20:58:16.303Z" },
    { url = "https://files.pythonhosted.org/packages/83/85/27280c7f34fcd305c2209c0cdca4d70775e4859a9eaa92f850087f8dea50/numpy-2.3.2-pp311-pypy311_pp73-macosx_14_0_arm64.whl", hash = "sha256:69779198d9caee6e547adb933941ed7520f896fd9656834c300bdf4dd8642712", size = 5304882, upload-time = "2025-07-24T20:58:26.199Z" },
    { url = "https://files.pythonhosted.org/packages/48/b4/6500b24d278e15dd796f43824e69939d00981d37d9779e32499e823aa0aa/numpy-2.3.2-pp311-pypy311_pp73-macosx_14_0_x86_64.whl", hash = "sha256:2c3271cc4097beb5a60f010bcc1cc204b300bb3eafb4399376418a83a1c6373c", size = 6818405, upload-time = "2025-07-24T20:58:37.341Z" },
    { url = "https://files.pythonhosted.org/packages/9b/c9/142c1e03f199d202da8e980c2496213509291b6024fd2735ad28ae7065c7/numpy-2.3.2-pp311-pypy311_pp73-manylinux_2_27_aarch64.manylinux_2_28_aarch64.whl", hash = "sha256:8446acd11fe3dc1830568c941d44449fd5cb83068e5c70bd5a470d323d448296", size = 14419651, upload-time = "2025-07-24T20:58:59.048Z" },
    { url = "https://files.pythonhosted.org/packages/8b/95/8023e87cbea31a750a6c00ff9427d65ebc5fef104a136bfa69f76266d614/numpy-2.3.2-pp311-pypy311_pp73-manylinux_2_27_x86_64.manylinux_2_28_x86_64.whl", hash = "sha256:aa098a5ab53fa407fded5870865c6275a5cd4101cfdef8d6fafc48286a96e981", size = 16760166, upload-time = "2025-07-24T21:28:56.38Z" },
    { url = "https://files.pythonhosted.org/packages/78/e3/6690b3f85a05506733c7e90b577e4762517404ea78bab2ca3a5cb1aeb78d/numpy-2.3.2-pp311-pypy311_pp73-win_amd64.whl", hash = "sha256:6936aff90dda378c09bea075af0d9c675fe3a977a9d2402f95a87f440f59f619", size = 12977811, upload-time = "2025-07-24T21:29:18.234Z" },
]

[[package]]
name = "nvidia-nccl-cu12"
version = "2.30.7"
source = { registry = "https://pypi.org/simple" }
wheels = [
    { url = "https://files.pythonhosted.org/packages/8f/8c/554bb020501d6c04ad8127d83f728137f8f9123f991666efbdcf9095a221/nvidia_nccl_cu12-2.30.7-py3-none-manylinux_2_18_aarch64.whl", hash = "sha256:03ecd776fd1d58fd2c9a0a687dcf8db9ecd0057382dba646fa3d65786d4a9ea1", size = 303277471, upload-time = "2026-06-09T03:24:16.327Z" },
    { url = "https://files.pythonhosted.org/packages/50/32/e7ffa9c324ae260e5dbb4af2cd557bf7a8d155c8ac7b79a785fe1796fb92/nvidia_nccl_cu12-2.30.7-py3-none-manylinux_2_18_x86_64.whl", hash = "sha256:8ce1b8213f61f2bfac132e6df890af6450b77cbd140c6ce4e98cb0c2d8e678c9", size = 303361239, upload-time = "2026-06-09T03:24:53.816Z" },
]

[[package]]
name = "scipy"
version = "1.17.1"
source = { registry = "https://pypi.org/simple" }
dependencies = [
    { name = "numpy" },
]
sdist = { url = "https://files.pythonhosted.org/packages/7a/97/5a3609c4f8d58b039179648e62dd220f89864f56f7357f5d4f45c29eb2cc/scipy-1.17.1.tar.gz", hash = "sha256:95d8e012d8cb8816c226aef832200b1d45109ed4464303e997c5b13122b297c0", size = 30573822, upload-time = "2026-02-23T00:26:24.851Z" }
wheels = [
    { url = "https://files.pythonhosted.org/packages/df/75/b4ce781849931fef6fd529afa6b63711d5a733065722d0c3e2724af9e40a/scipy-1.17.1-cp311-cp311-macosx_10_14_x86_64.whl", hash = "sha256:1f95b894f13729334fb990162e911c9e5dc1ab390c58aa6cbecb389c5b5e28ec", size = 31613675, upload-time = "2026-02-23T00:16:00.13Z" },
    { url = "https://files.pythonhosted.org/packages/f7/58/bccc2861b305abdd1b8663d6130c0b3d7cc22e8d86663edbc8401bfd40d4/scipy-1.17.1-cp311-cp311-macosx_12_0_arm64.whl", hash = "sha256:e18f12c6b0bc5a592ed23d3f7b891f68fd7f8241d69b7883769eb5d5dfb52696", size = 28162057, upload-time = "2026-02-23T00:16:09.456Z" },
    { url = "https://files.pythonhosted.org/packages/6d/ee/18146b7757ed4976276b9c9819108adbc73c5aad636e5353e20746b73069/scipy-1.17.1-cp311-cp311-macosx_14_0_arm64.whl", hash = "sha256:a3472cfbca0a54177d0faa68f697d8ba4c80bbdc19908c3465556d9f7efce9ee", size = 20334032, upload-time = "2026-02-23T00:16:17.358Z" },
    { url = "https://files.pythonhosted.org/packages/ec/e6/cef1cf3557f0c54954198554a10016b6a03b2ec9e22a4e1df734936bd99c/scipy-1.17.1-cp311-cp311-macosx_14_0_x86_64.whl", hash = "sha256:766e0dc5a616d026a3a1cffa379af959671729083882f50307e18175797b3dfd", size = 22709533, upload-time = "2026-02-23T00:16:25.791Z" },
    { url = "https://files.pythonhosted.org/packages/4d/60/8804678875fc59362b0fb759ab3ecce1f09c10a735680318ac30da8cd76b/scipy-1.17.1-cp311-cp311-manylinux_2_27_aarch64.manylinux_2_28_aarch64.whl", hash = "sha256:744b2bf3640d907b79f3fd7874efe432d1cf171ee721243e350f55234b4cec4c", size = 33062057, upload-time = "2026-02-23T00:16:36.931Z" },
    { url = "https://files.pythonhosted.org/packages/09/7d/af933f0f6e0767995b4e2d705a0665e454d1c19402aa7e895de3951ebb04/scipy-1.17.1-cp311-cp311-manylinux_2_27_x86_64.manylinux_2_28_x86_64.whl", hash = "sha256:43af8d1f3bea642559019edfe64e9b11192a8978efbd1539d7bc2aaa23d92de4", size = 35349300, upload-time = "2026-02-23T00:16:49.108Z" },
    { url = "https://files.pythonhosted.org/packages/b4/3d/7ccbbdcbb54c8fdc20d3b6930137c782a163fa626f0aef920349873421ba/scipy-1.17.1-cp311-cp311-musllinux_1_2_aarch64.whl", hash = "sha256:cd96a1898c0a47be4520327e01f874acfd61fb48a9420f8aa9f6483412ffa444", size = 35127333, upload-time = "2026-02-23T00:17:01.293Z" },
    { url = "https://files.pythonhosted.org/packages/e8/19/f926cb11c42b15ba08e3a71e376d816ac08614f769b4f47e06c3580c836a/scipy-1.17.1-cp311-cp311-musllinux_1_2_x86_64.whl", hash = "sha256:4eb6c25dd62ee8d5edf68a8e1c171dd71c292fdae95d8aeb3dd7d7de4c364082", size = 37741314, upload-time = "2026-02-23T00:17:12.576Z" },
    { url = "https://files.pythonhosted.org/packages/95/da/0d1df507cf574b3f224ccc3d45244c9a1d732c81dcb26b1e8a766ae271a8/scipy-1.17.1-cp311-cp311-win_amd64.whl", hash = "sha256:d30e57c72013c2a4fe441c2fcb8e77b14e152ad48b5464858e07e2ad9fbfceff", size = 36607512, upload-time = "2026-02-23T00:17:23.424Z" },
    { url = "https://files.pythonhosted.org/packages/68/7f/bdd79ceaad24b671543ffe0ef61ed8e659440eb683b66f033454dcee90eb/scipy-1.17.1-cp311-cp311-win_arm64.whl", hash = "sha256:9ecb4efb1cd6e8c4afea0daa91a87fbddbce1b99d2895d151596716c0b2e859d", size = 24599248, upload-time = "2026-02-23T00:17:34.561Z" },
]

[[package]]
name = "xgboost"
version = "3.0.2"
source = { registry = "https://pypi.org/simple" }
dependencies = [
    { name = "numpy" },
    { name = "nvidia-nccl-cu12", marker = "platform_machine != 'aarch64' and sys_platform == 'linux'" },
    { name = "scipy" },
]
sdist = { url = "https://files.pythonhosted.org/packages/29/42/e6abc9e8c65033e5ff4117efc765e3d670c81c64ebd40ca6283bf4536994/xgboost-3.0.2.tar.gz", hash = "sha256:0ea95fef12313f8563458bbf49458db434d620af27b1991ddb8f46806cb305a5", size = 1159083, upload-time = "2025-05-25T09:09:11.291Z" }
wheels = [
    { url = "https://files.pythonhosted.org/packages/0b/6b/f47143ecab6313272497f324ffe2eafaf2851c0781a9022040adf80f9aab/xgboost-3.0.2-py3-none-macosx_10_15_x86_64.whl", hash = "sha256:923f46cd1b25c0a39fc98e969fa0a72a1a84feb7f55797cb3385962cd8d3b2d4", size = 2246653, upload-time = "2025-05-25T09:09:35.431Z" },
    { url = "https://files.pythonhosted.org/packages/09/c9/5f0be8e51d55df60a1bd7d09e7b05380e04c38de9554105f6cacffac3886/xgboost-3.0.2-py3-none-macosx_12_0_arm64.whl", hash = "sha256:5c4e377c86df815669939646b3abe7a20559e4d4c0f5c2ab10c31252e7a9d7d9", size = 2025769, upload-time = "2025-05-25T09:09:37.22Z" },
    { url = "https://files.pythonhosted.org/packages/c0/eb/4b5036a16628dc375544ba5375768ddc3653a3372af6f947d73d11d1c3f2/xgboost-3.0.2-py3-none-manylinux2014_aarch64.whl", hash = "sha256:e9acf97b3b2a628b33f1dc80ee3f16a658e1f9f43c4ed2aa85b0a824c87dbde5", size = 4841549, upload-time = "2025-05-25T09:09:41.172Z" },
    { url = "https://files.pythonhosted.org/packages/db/71/347f78ac21eb9221231bebf7d7a3eaea20b09377d9d602cee15fe9c7aeba/xgboost-3.0.2-py3-none-manylinux2014_x86_64.whl", hash = "sha256:7d1ad8c5ae361161ce5288a04916c89d13d247b9a98e25c4b3983783cfad0377", size = 4904451, upload-time = "2025-05-25T09:09:44.273Z" },
    { url = "https://files.pythonhosted.org/packages/47/a4/949c50325c6417bfae2b846c43f4a8ad6557278d26b6a526c5c22f2204aa/xgboost-3.0.2-py3-none-manylinux_2_28_aarch64.whl", hash = "sha256:a112df38f2faaae31f1c00d373ff35fb5965a65e74de2eea9081dbef7a9ddffe", size = 4603350, upload-time = "2025-05-25T09:09:46.497Z" },
    { url = "https://files.pythonhosted.org/packages/cc/f5/1b5d88e5a65168b435e8339b53d027e3e7adecb0c7d157bc86d18f78471b/xgboost-3.0.2-py3-none-manylinux_2_28_x86_64.whl", hash = "sha256:d534242489265621397ff403bb1c6235d2e6c66938639239fdf2d6b39d27e339", size = 253887220, upload-time = "2025-05-25T09:10:24.541Z" },
    { url = "https://files.pythonhosted.org/packages/29/22/e3ff2dfafe862a91733dfa0aecdb4794aa1d9a18e09a14e118bde0cbc2db/xgboost-3.0.2-py3-none-win_amd64.whl", hash = "sha256:b4c89b71d134da9fa6318e3c9f5459317d1013b4d57059d10ed2840750e2f7e1", size = 149974575, upload-time = "2025-05-25T09:11:23.554Z" },
]
