PODS:
  - Flutter (1.0.0)
  - integration_test (0.0.1):
    - Flutter
  - super_keyboard (0.0.1):
    - Flutter
  - url_launcher_ios (0.0.1):
    - Flutter

DEPENDENCIES:
  - Flutter (from `Flutter`)
  - integration_test (from `.symlinks/plugins/integration_test/ios`)
  - super_keyboard (from `.symlinks/plugins/super_keyboard/ios`)
  - url_launcher_ios (from `.symlinks/plugins/url_launcher_ios/ios`)

EXTERNAL SOURCES:
  Flutter:
    :path: Flutter
  integration_test:
    :path: ".symlinks/plugins/integration_test/ios"
  super_keyboard:
    :path: ".symlinks/plugins/super_keyboard/ios"
  url_launcher_ios:
    :path: ".symlinks/plugins/url_launcher_ios/ios"

SPEC CHECKSUMS:
  Flutter: cabc95a1d2626b1b06e7179b784ebcf0c0cde467
  integration_test: 4a889634ef21a45d28d50d622cf412dc6d9f586e
  super_keyboard: 016de6ce9ab826f9a0b185608209d6a3b556d577
  url_launcher_ios: 7a95fa5b60cc718a708b8f2966718e93db0cef1b

PODFILE CHECKSUM: a05121867acc6177a0afb648c1bb681041041836

COCOAPODS: 1.16.2
